
Microsoft Visual Studio Solution File, Format Version 12.00
# Visual Studio Version 17
VisualStudioVersion = 17.4.33122.133
MinimumVisualStudioVersion = 10.0.40219.1
Project("{FAE04EC0-301F-11D3-BF4B-00C04F79EFBC}") = "Day19", "Day19.csproj", "{A294F1B0-0F01-4C65-9150-6518C0EB1740}"
EndProject
Global
	GlobalSection(SolutionConfigurationPlatforms) = preSolution
		Debug|Any CPU = Debug|Any CPU
		Release|Any CPU = Release|Any CPU
	EndGlobalSection
	GlobalSection(ProjectConfigurationPlatforms) = postSolution
		{A294F1B0-0F01-4C65-9150-6518C0EB1740}.Debug|Any CPU.ActiveCfg = Debug|Any CPU
		{A294F1B0-0F01-4C65-9150-6518C0EB1740}.Debug|Any CPU.Build.0 = Debug|Any CPU
		{A294F1B0-0F01-4C65-9150-6518C0EB1740}.Release|Any CPU.ActiveCfg = Release|Any CPU
		{A294F1B0-0F01-4C65-9150-6518C0EB1740}.Release|Any CPU.Build.0 = Release|Any CPU
	EndGlobalSection
	GlobalSection(SolutionProperties) = preSolution
		HideSolutionNode = FALSE
	EndGlobalSection
	GlobalSection(ExtensibilityGlobals) = postSolution
		SolutionGuid = {B32A6785-38F2-4DF1-9BFB-5530F167EC1C}
	EndGlobalSection
EndGlobal
