
Microsoft Visual Studio Solution File, Format Version 12.00
# Visual Studio Version 17
VisualStudioVersion = 17.4.33122.133
MinimumVisualStudioVersion = 10.0.40219.1
Project("{FAE04EC0-301F-11D3-BF4B-00C04F79EFBC}") = "Day18", "Day18.csproj", "{51027E5D-E0C5-4540-8857-0ACF4AAF5D56}"
EndProject
Global
	GlobalSection(SolutionConfigurationPlatforms) = preSolution
		Debug|Any CPU = Debug|Any CPU
		Release|Any CPU = Release|Any CPU
	EndGlobalSection
	GlobalSection(ProjectConfigurationPlatforms) = postSolution
		{51027E5D-E0C5-4540-8857-0ACF4AAF5D56}.Debug|Any CPU.ActiveCfg = Debug|Any CPU
		{51027E5D-E0C5-4540-8857-0ACF4AAF5D56}.Debug|Any CPU.Build.0 = Debug|Any CPU
		{51027E5D-E0C5-4540-8857-0ACF4AAF5D56}.Release|Any CPU.ActiveCfg = Release|Any CPU
		{51027E5D-E0C5-4540-8857-0ACF4AAF5D56}.Release|Any CPU.Build.0 = Release|Any CPU
	EndGlobalSection
	GlobalSection(SolutionProperties) = preSolution
		HideSolutionNode = FALSE
	EndGlobalSection
	GlobalSection(ExtensibilityGlobals) = postSolution
		SolutionGuid = {329A6602-7AF3-4940-88FF-D99F4AA4686C}
	EndGlobalSection
EndGlobal
