
Microsoft Visual Studio Solution File, Format Version 12.00
# Visual Studio Version 17
VisualStudioVersion = 17.4.33122.133
MinimumVisualStudioVersion = 10.0.40219.1
Project("{FAE04EC0-301F-11D3-BF4B-00C04F79EFBC}") = "Day02", "Day02.csproj", "{F736400D-249A-4891-819C-DF932B1C5FE5}"
EndProject
Global
	GlobalSection(SolutionConfigurationPlatforms) = preSolution
		Debug|Any CPU = Debug|Any CPU
		Release|Any CPU = Release|Any CPU
	EndGlobalSection
	GlobalSection(ProjectConfigurationPlatforms) = postSolution
		{F736400D-249A-4891-819C-DF932B1C5FE5}.Debug|Any CPU.ActiveCfg = Debug|Any CPU
		{F736400D-249A-4891-819C-DF932B1C5FE5}.Debug|Any CPU.Build.0 = Debug|Any CPU
		{F736400D-249A-4891-819C-DF932B1C5FE5}.Release|Any CPU.ActiveCfg = Release|Any CPU
		{F736400D-249A-4891-819C-DF932B1C5FE5}.Release|Any CPU.Build.0 = Release|Any CPU
	EndGlobalSection
	GlobalSection(SolutionProperties) = preSolution
		HideSolutionNode = FALSE
	EndGlobalSection
	GlobalSection(ExtensibilityGlobals) = postSolution
		SolutionGuid = {E090610C-C39E-4556-86C6-46A935B06F81}
	EndGlobalSection
EndGlobal
