
Microsoft Visual Studio Solution File, Format Version 12.00
# Visual Studio Version 17
VisualStudioVersion = 17.4.33205.214
MinimumVisualStudioVersion = 10.0.40219.1
Project("{FAE04EC0-301F-11D3-BF4B-00C04F79EFBC}") = "Day24", "Day24\Day24.csproj", "{9CA70EDB-A354-4351-A557-C8770D30B3A1}"
EndProject
Global
	GlobalSection(SolutionConfigurationPlatforms) = preSolution
		Debug|Any CPU = Debug|Any CPU
		Release|Any CPU = Release|Any CPU
	EndGlobalSection
	GlobalSection(ProjectConfigurationPlatforms) = postSolution
		{9CA70EDB-A354-4351-A557-C8770D30B3A1}.Debug|Any CPU.ActiveCfg = Debug|Any CPU
		{9CA70EDB-A354-4351-A557-C8770D30B3A1}.Debug|Any CPU.Build.0 = Debug|Any CPU
		{9CA70EDB-A354-4351-A557-C8770D30B3A1}.Release|Any CPU.ActiveCfg = Release|Any CPU
		{9CA70EDB-A354-4351-A557-C8770D30B3A1}.Release|Any CPU.Build.0 = Release|Any CPU
	EndGlobalSection
	GlobalSection(SolutionProperties) = preSolution
		HideSolutionNode = FALSE
	EndGlobalSection
	GlobalSection(ExtensibilityGlobals) = postSolution
		SolutionGuid = {1BF0E91A-CF6E-4AEE-BB51-F37846A9F10C}
	EndGlobalSection
EndGlobal
