
Microsoft Visual Studio Solution File, Format Version 12.00
# Visual Studio Version 17
VisualStudioVersion = 17.4.33122.133
MinimumVisualStudioVersion = 10.0.40219.1
Project("{FAE04EC0-301F-11D3-BF4B-00C04F79EFBC}") = "Day09", "Day09.csproj", "{22CA85C5-B5C4-468F-9791-850ADE26EDA9}"
EndProject
Global
	GlobalSection(SolutionConfigurationPlatforms) = preSolution
		Debug|Any CPU = Debug|Any CPU
		Release|Any CPU = Release|Any CPU
	EndGlobalSection
	GlobalSection(ProjectConfigurationPlatforms) = postSolution
		{22CA85C5-B5C4-468F-9791-850ADE26EDA9}.Debug|Any CPU.ActiveCfg = Debug|Any CPU
		{22CA85C5-B5C4-468F-9791-850ADE26EDA9}.Debug|Any CPU.Build.0 = Debug|Any CPU
		{22CA85C5-B5C4-468F-9791-850ADE26EDA9}.Release|Any CPU.ActiveCfg = Release|Any CPU
		{22CA85C5-B5C4-468F-9791-850ADE26EDA9}.Release|Any CPU.Build.0 = Release|Any CPU
	EndGlobalSection
	GlobalSection(SolutionProperties) = preSolution
		HideSolutionNode = FALSE
	EndGlobalSection
	GlobalSection(ExtensibilityGlobals) = postSolution
		SolutionGuid = {43AC7EBB-1940-45D9-9319-F92F03A0AB4D}
	EndGlobalSection
EndGlobal
