
Microsoft Visual Studio Solution File, Format Version 12.00
# Visual Studio Version 17
VisualStudioVersion = 17.4.33122.133
MinimumVisualStudioVersion = 10.0.40219.1
Project("{FAE04EC0-301F-11D3-BF4B-00C04F79EFBC}") = "Day05", "Day05.csproj", "{E299148E-6E6B-4441-BAB3-150BAC05D5BB}"
EndProject
Global
	GlobalSection(SolutionConfigurationPlatforms) = preSolution
		Debug|Any CPU = Debug|Any CPU
		Release|Any CPU = Release|Any CPU
	EndGlobalSection
	GlobalSection(ProjectConfigurationPlatforms) = postSolution
		{E299148E-6E6B-4441-BAB3-150BAC05D5BB}.Debug|Any CPU.ActiveCfg = Debug|Any CPU
		{E299148E-6E6B-4441-BAB3-150BAC05D5BB}.Debug|Any CPU.Build.0 = Debug|Any CPU
		{E299148E-6E6B-4441-BAB3-150BAC05D5BB}.Release|Any CPU.ActiveCfg = Release|Any CPU
		{E299148E-6E6B-4441-BAB3-150BAC05D5BB}.Release|Any CPU.Build.0 = Release|Any CPU
	EndGlobalSection
	GlobalSection(SolutionProperties) = preSolution
		HideSolutionNode = FALSE
	EndGlobalSection
	GlobalSection(ExtensibilityGlobals) = postSolution
		SolutionGuid = {CD20395D-3340-4CD4-9EA0-6B1CE2CACF9A}
	EndGlobalSection
EndGlobal
